
Microsoft Visual Studio Solution File, Format Version 11.00
# Visual Studio 2010
Project("{FAE04EC0-301F-11D3-BF4B-00C04F79EFBC}") = "JsonModelGenerator", "JsonModelGenerator.csproj", "{90CF86D2-1FE0-4A85-827C-FA44558DE321}"
EndProject
Global
	GlobalSection(SolutionConfigurationPlatforms) = preSolution
		Debug|x86 = Debug|x86
		Release|x86 = Release|x86
	EndGlobalSection
	GlobalSection(ProjectConfigurationPlatforms) = postSolution
		{90CF86D2-1FE0-4A85-827C-FA44558DE321}.Debug|x86.ActiveCfg = Debug|x86
		{90CF86D2-1FE0-4A85-827C-FA44558DE321}.Debug|x86.Build.0 = Debug|x86
		{90CF86D2-1FE0-4A85-827C-FA44558DE321}.Release|x86.ActiveCfg = Release|x86
		{90CF86D2-1FE0-4A85-827C-FA44558DE321}.Release|x86.Build.0 = Release|x86
	EndGlobalSection
	GlobalSection(SolutionProperties) = preSolution
		HideSolutionNode = FALSE
	EndGlobalSection
EndGlobal
